dependencies:
  '@nativescript-community/ui-canvas': 4.0.20
lockfileVersion: 5.1
packages:
  /@nativescript-community/ui-canvas/4.0.20:
    dev: false
    resolution:
      integrity: sha512-a0k1Rtbe2GKVnmgy7yblg6SKZ7CiVp1MV7UCdSPosGYzdabTbjKHEsSwnB2dhDZNlzu4rYtd39TxQK/vlbnIPw==
specifiers:
  '@nativescript-community/ui-canvas': ^4.0.20
